// !$*UTF8*$!
{
	archiveVersion = 1;
	classes = {
	};
	objectVersion = 50;
	objects = {

/* Begin PBXBuildFile section */
		DE23586A25AA76880065655F /* AppDelegate.swift in Sources */ = {isa = PBXBuildFile; fileRef = DE23586925AA76880065655F /* AppDelegate.swift */; };
		DE23586C25AA76880065655F /* SceneDelegate.swift in Sources */ = {isa = PBXBuildFile; fileRef = DE23586B25AA76880065655F /* SceneDelegate.swift */; };
		DE23586E25AA76880065655F /* ViewController.swift in Sources */ = {isa = PBXBuildFile; fileRef = DE23586D25AA76880065655F /* ViewController.swift */; };
		DE23587125AA76880065655F /* Main.storyboard in Resources */ = {isa = PBXBuildFile; fileRef = DE23586F25AA76880065655F /* Main.storyboard */; };
		DE23587325AA768A0065655F /* Assets.xcassets in Resources */ = {isa = PBXBuildFile; fileRef = DE23587225AA768A0065655F /* Assets.xcassets */; };
		DE23587625AA768A0065655F /* LaunchScreen.storyboard in Resources */ = {isa = PBXBuildFile; fileRef = DE23587425AA768A0065655F /* LaunchScreen.storyboard */; };
		DEB5C57525AB67E0008CCA9C /* ImageCell.swift in Sources */ = {isa = PBXBuildFile; fileRef = DEB5C57425AB67E0008CCA9C /* ImageCell.swift */; };
		DEB5C57B25AB691B008CCA9C /* ViewModel.swift in Sources */ = {isa = PBXBuildFile; fileRef = DEB5C57A25AB691B008CCA9C /* ViewModel.swift */; };
/* End PBXBuildFile section */

/* Begin PBXFileReference section */
		DE23586625AA76880065655F /* Example width UIKit.app */ = {isa = PBXFileReference; explicitFileType = wrapper.application; includeInIndex = 0; path = "Example width UIKit.app"; sourceTree = BUILT_PRODUCTS_DIR; };
		DE23586925AA76880065655F /* AppDelegate.swift */ = {isa = PBXFileReference; lastKnownFileType = sourcecode.swift; path = AppDelegate.swift; sourceTree = "<group>"; };
		DE23586B25AA76880065655F /* SceneDelegate.swift */ = {isa = PBXFileReference; lastKnownFileType = sourcecode.swift; path = SceneDelegate.swift; sourceTree = "<group>"; };
		DE23586D25AA76880065655F /* ViewController.swift */ = {isa = PBXFileReference; lastKnownFileType = sourcecode.swift; path = ViewController.swift; sourceTree = "<group>"; };
		DE23587025AA76880065655F /* Base */ = {isa = PBXFileReference; lastKnownFileType = file.storyboard; name = Base; path = Base.lproj/Main.storyboard; sourceTree = "<group>"; };
		DE23587225AA768A0065655F /* Assets.xcassets */ = {isa = PBXFileReference; lastKnownFileType = folder.assetcatalog; path = Assets.xcassets; sourceTree = "<group>"; };
		DE23587525AA768A0065655F /* Base */ = {isa = PBXFileReference; lastKnownFileType = file.storyboard; name = Base; path = Base.lproj/LaunchScreen.storyboard; sourceTree = "<group>"; };
		DE23587725AA768A0065655F /* Info.plist */ = {isa = PBXFileReference; lastKnownFileType = text.plist.xml; path = Info.plist; sourceTree = "<group>"; };
		DEB5C57425AB67E0008CCA9C /* ImageCell.swift */ = {isa = PBXFileReference; lastKnownFileType = sourcecode.swift; path = ImageCell.swift; sourceTree = "<group>"; };
		DEB5C57A25AB691B008CCA9C /* ViewModel.swift */ = {isa = PBXFileReference; lastKnownFileType = sourcecode.swift; path = ViewModel.swift; sourceTree = "<group>"; };
/* End PBXFileReference section */

/* Begin PBXFrameworksBuildPhase section */
		DE23586325AA76880065655F /* Frameworks */ = {
			isa = PBXFrameworksBuildPhase;
			buildActionMask = 2147483647;
			files = (
			);
			runOnlyForDeploymentPostprocessing = 0;
		};
/* End PBXFrameworksBuildPhase section */

/* Begin PBXGroup section */
		DE23585D25AA76880065655F = {
			isa = PBXGroup;
			children = (
				DE23586825AA76880065655F /* Example width UIKit */,
				DE23586725AA76880065655F /* Products */,
			);
			sourceTree = "<group>";
		};
		DE23586725AA76880065655F /* Products */ = {
			isa = PBXGroup;
			children = (
				DE23586625AA76880065655F /* Example width UIKit.app */,
			);
			name = Products;
			sourceTree = "<group>";
		};
		DE23586825AA76880065655F /* Example width UIKit */ = {
			isa = PBXGroup;
			children = (
				DE23587725AA768A0065655F /* Info.plist */,
				DE23586925AA76880065655F /* AppDelegate.swift */,
				DE23586B25AA76880065655F /* SceneDelegate.swift */,
				DE23587225AA768A0065655F /* Assets.xcassets */,
				DEB5C56625AB6093008CCA9C /* View */,
				DEB5C57D25AB6920008CCA9C /* Model */,
				DEB5C56725AB60AF008CCA9C /* Controller */,
			);
			path = "Example width UIKit";
			sourceTree = "<group>";
		};
		DEB5C56625AB6093008CCA9C /* View */ = {
			isa = PBXGroup;
			children = (
				DE23587425AA768A0065655F /* LaunchScreen.storyboard */,
				DE23586F25AA76880065655F /* Main.storyboard */,
				DEB5C57425AB67E0008CCA9C /* ImageCell.swift */,
			);
			path = View;
			sourceTree = "<group>";
		};
		DEB5C56725AB60AF008CCA9C /* Controller */ = {
			isa = PBXGroup;
			children = (
				DE23586D25AA76880065655F /* ViewController.swift */,
			);
			path = Controller;
			sourceTree = "<group>";
		};
		DEB5C57D25AB6920008CCA9C /* Model */ = {
			isa = PBXGroup;
			children = (
				DEB5C57A25AB691B008CCA9C /* ViewModel.swift */,
			);
			path = Model;
			sourceTree = "<group>";
		};
/* End PBXGroup section */

/* Begin PBXNativeTarget section */
		DE23586525AA76880065655F /* Example width UIKit */ = {
			isa = PBXNativeTarget;
			buildConfigurationList = DE23587A25AA768A0065655F /* Build configuration list for PBXNativeTarget "Example width UIKit" */;
			buildPhases = (
				DE23586225AA76880065655F /* Sources */,
				DE23586325AA76880065655F /* Frameworks */,
				DE23586425AA76880065655F /* Resources */,
			);
			buildRules = (
			);
			dependencies = (
			);
			name = "Example width UIKit";
			productName = "Example width UIKit";
			productReference = DE23586625AA76880065655F /* Example width UIKit.app */;
			productType = "com.apple.product-type.application";
		};
/* End PBXNativeTarget section */

/* Begin PBXProject section */
		DE23585E25AA76880065655F /* Project object */ = {
			isa = PBXProject;
			attributes = {
				LastSwiftUpdateCheck = 1230;
				LastUpgradeCheck = 1230;
				TargetAttributes = {
					DE23586525AA76880065655F = {
						CreatedOnToolsVersion = 12.3;
					};
				};
			};
			buildConfigurationList = DE23586125AA76880065655F /* Build configuration list for PBXProject "Example width UIKit" */;
			compatibilityVersion = "Xcode 9.3";
			developmentRegion = en;
			hasScannedForEncodings = 0;
			knownRegions = (
				en,
				Base,
			);
			mainGroup = DE23585D25AA76880065655F;
			productRefGroup = DE23586725AA76880065655F /* Products */;
			projectDirPath = "";
			projectRoot = "";
			targets = (
				DE23586525AA76880065655F /* Example width UIKit */,
			);
		};
/* End PBXProject section */

/* Begin PBXResourcesBuildPhase section */
		DE23586425AA76880065655F /* Resources */ = {
			isa = PBXResourcesBuildPhase;
			buildActionMask = 2147483647;
			files = (
				DE23587625AA768A0065655F /* LaunchScreen.storyboard in Resources */,
				DE23587325AA768A0065655F /* Assets.xcassets in Resources */,
				DE23587125AA76880065655F /* Main.storyboard in Resources */,
			);
			runOnlyForDeploymentPostprocessing = 0;
		};
/* End PBXResourcesBuildPhase section */

/* Begin PBXSourcesBuildPhase section */
		DE23586225AA76880065655F /* Sources */ = {
			isa = PBXSourcesBuildPhase;
			buildActionMask = 2147483647;
			files = (
				DEB5C57B25AB691B008CCA9C /* ViewModel.swift in Sources */,
				DE23586E25AA76880065655F /* ViewController.swift in Sources */,
				DEB5C57525AB67E0008CCA9C /* ImageCell.swift in Sources */,
				DE23586A25AA76880065655F /* AppDelegate.swift in Sources */,
				DE23586C25AA76880065655F /* SceneDelegate.swift in Sources */,
			);
			runOnlyForDeploymentPostprocessing = 0;
		};
/* End PBXSourcesBuildPhase section */

/* Begin PBXVariantGroup section */
		DE23586F25AA76880065655F /* Main.storyboard */ = {
			isa = PBXVariantGroup;
			children = (
				DE23587025AA76880065655F /* Base */,
			);
			name = Main.storyboard;
			sourceTree = "<group>";
		};
		DE23587425AA768A0065655F /* LaunchScreen.storyboard */ = {
			isa = PBXVariantGroup;
			children = (
				DE23587525AA768A0065655F /* Base */,
			);
			name = LaunchScreen.storyboard;
			sourceTree = "<group>";
		};
/* End PBXVariantGroup section */

/* Begin XCBuildConfiguration section */
		DE23587825AA768A0065655F /* Debug */ = {
			isa = XCBuildConfiguration;
			buildSettings = {
				ALWAYS_SEARCH_USER_PATHS = NO;
				CLANG_ANALYZER_NONNULL = YES;
				CLANG_ANALYZER_NUMBER_OBJECT_CONVERSION = YES_AGGRESSIVE;
				CLANG_CXX_LANGUAGE_STANDARD = "gnu++14";
				CLANG_CXX_LIBRARY = "libc++";
				CLANG_ENABLE_MODULES = YES;
				CLANG_ENABLE_OBJC_ARC = YES;
				CLANG_ENABLE_OBJC_WEAK = YES;
				CLANG_WARN_BLOCK_CAPTURE_AUTORELEASING = YES;
				CLANG_WARN_BOOL_CONVERSION = YES;
				CLANG_WARN_COMMA = YES;
				CLANG_WARN_CONSTANT_CONVERSION = YES;
				CLANG_WARN_DEPRECATED_OBJC_IMPLEMENTATIONS = YES;
				CLANG_WARN_DIRECT_OBJC_ISA_USAGE = YES_ERROR;
				CLANG_WARN_DOCUMENTATION_COMMENTS = YES;
				CLANG_WARN_EMPTY_BODY = YES;
				CLANG_WARN_ENUM_CONVERSION = YES;
				CLANG_WARN_INFINITE_RECURSION = YES;
				CLANG_WARN_INT_CONVERSION = YES;
				CLANG_WARN_NON_LITERAL_NULL_CONVERSION = YES;
				CLANG_WARN_OBJC_IMPLICIT_RETAIN_SELF = YES;
				CLANG_WARN_OBJC_LITERAL_CONVERSION = YES;
				CLANG_WARN_OBJC_ROOT_CLASS = YES_ERROR;
				CLANG_WARN_QUOTED_INCLUDE_IN_FRAMEWORK_HEADER = YES;
				CLANG_WARN_RANGE_LOOP_ANALYSIS = YES;
				CLANG_WARN_STRICT_PROTOTYPES = YES;
				CLANG_WARN_SUSPICIOUS_MOVE = YES;
				CLANG_WARN_UNGUARDED_AVAILABILITY = YES_AGGRESSIVE;
				CLANG_WARN_UNREACHABLE_CODE = YES;
				CLANG_WARN__DUPLICATE_METHOD_MATCH = YES;
				COPY_PHASE_STRIP = NO;
				DEBUG_INFORMATION_FORMAT = dwarf;
				ENABLE_STRICT_OBJC_MSGSEND = YES;
				ENABLE_TESTABILITY = YES;
				GCC_C_LANGUAGE_STANDARD = gnu11;
				GCC_DYNAMIC_NO_PIC = NO;
				GCC_NO_COMMON_BLOCKS = YES;
				GCC_OPTIMIZATION_LEVEL = 0;
				GCC_PREPROCESSOR_DEFINITIONS = (
					"DEBUG=1",
					"$(inherited)",
				);
				GCC_WARN_64_TO_32_BIT_CONVERSION = YES;
				GCC_WARN_ABOUT_RETURN_TYPE = YES_ERROR;
				GCC_WARN_UNDECLARED_SELECTOR = YES;
				GCC_WARN_UNINITIALIZED_AUTOS = YES_AGGRESSIVE;
				GCC_WARN_UNUSED_FUNCTION = YES;
				GCC_WARN_UNUSED_VARIABLE = YES;
				IPHONEOS_DEPLOYMENT_TARGET = 14.3;
				MTL_ENABLE_DEBUG_INFO = INCLUDE_SOURCE;
				MTL_FAST_MATH = YES;
				ONLY_ACTIVE_ARCH = YES;
				SDKROOT = iphoneos;
				SWIFT_ACTIVE_COMPILATION_CONDITIONS = DEBUG;
				SWIFT_OPTIMIZATION_LEVEL = "-Onone";
			};
			name = Debug;
		};
		DE23587925AA768A0065655F /* Release */ = {
			isa = XCBuildConfiguration;
			buildSettings = {
				ALWAYS_SEARCH_USER_PATHS = NO;
				CLANG_ANALYZER_NONNULL = YES;
				CLANG_ANALYZER_NUMBER_OBJECT_CONVERSION = YES_AGGRESSIVE;
				CLANG_CXX_LANGUAGE_STANDARD = "gnu++14";
				CLANG_CXX_LIBRARY = "libc++";
				CLANG_ENABLE_MODULES = YES;
				CLANG_ENABLE_OBJC_ARC = YES;
				CLANG_ENABLE_OBJC_WEAK = YES;
				CLANG_WARN_BLOCK_CAPTURE_AUTORELEASING = YES;
				CLANG_WARN_BOOL_CONVERSION = YES;
				CLANG_WARN_COMMA = YES;
				CLANG_WARN_CONSTANT_CONVERSION = YES;
				CLANG_WARN_DEPRECATED_OBJC_IMPLEMENTATIONS = YES;
				CLANG_WARN_DIRECT_OBJC_ISA_USAGE = YES_ERROR;
				CLANG_WARN_DOCUMENTATION_COMMENTS = YES;
				CLANG_WARN_EMPTY_BODY = YES;
				CLANG_WARN_ENUM_CONVERSION = YES;
				CLANG_WARN_INFINITE_RECURSION = YES;
				CLANG_WARN_INT_CONVERSION = YES;
				CLANG_WARN_NON_LITERAL_NULL_CONVERSION = YES;
				CLANG_WARN_OBJC_IMPLICIT_RETAIN_SELF = YES;
				CLANG_WARN_OBJC_LITERAL_CONVERSION = YES;
				CLANG_WARN_OBJC_ROOT_CLASS = YES_ERROR;
				CLANG_WARN_QUOTED_INCLUDE_IN_FRAMEWORK_HEADER = YES;
				CLANG_WARN_RANGE_LOOP_ANALYSIS = YES;
				CLANG_WARN_STRICT_PROTOTYPES = YES;
				CLANG_WARN_SUSPICIOUS_MOVE = YES;
				CLANG_WARN_UNGUARDED_AVAILABILITY = YES_AGGRESSIVE;
				CLANG_WARN_UNREACHABLE_CODE = YES;
				CLANG_WARN__DUPLICATE_METHOD_MATCH = YES;
				COPY_PHASE_STRIP = NO;
				DEBUG_INFORMATION_FORMAT = "dwarf-with-dsym";
				ENABLE_NS_ASSERTIONS = NO;
				ENABLE_STRICT_OBJC_MSGSEND = YES;
				GCC_C_LANGUAGE_STANDARD = gnu11;
				GCC_NO_COMMON_BLOCKS = YES;
				GCC_WARN_64_TO_32_BIT_CONVERSION = YES;
				GCC_WARN_ABOUT_RETURN_TYPE = YES_ERROR;
				GCC_WARN_UNDECLARED_SELECTOR = YES;
				GCC_WARN_UNINITIALIZED_AUTOS = YES_AGGRESSIVE;
				GCC_WARN_UNUSED_FUNCTION = YES;
				GCC_WARN_UNUSED_VARIABLE = YES;
				IPHONEOS_DEPLOYMENT_TARGET = 14.3;
				MTL_ENABLE_DEBUG_INFO = NO;
				MTL_FAST_MATH = YES;
				SDKROOT = iphoneos;
				SWIFT_COMPILATION_MODE = wholemodule;
				SWIFT_OPTIMIZATION_LEVEL = "-O";
				VALIDATE_PRODUCT = YES;
			};
			name = Release;
		};
		DE23587B25AA768A0065655F /* Debug */ = {
			isa = XCBuildConfiguration;
			buildSettings = {
				ASSETCATALOG_COMPILER_APPICON_NAME = AppIcon;
				ASSETCATALOG_COMPILER_GLOBAL_ACCENT_COLOR_NAME = AccentColor;
				CODE_SIGN_STYLE = Automatic;
				DEVELOPMENT_TEAM = NRNCDR832H;
				INFOPLIST_FILE = "Example width UIKit/Info.plist";
				LD_RUNPATH_SEARCH_PATHS = (
					"$(inherited)",
					"@executable_path/Frameworks",
				);
				PRODUCT_BUNDLE_IDENTIFIER = "im.mortensen.Example-width-UIKit";
				PRODUCT_NAME = "$(TARGET_NAME)";
				SWIFT_VERSION = 5.0;
				TARGETED_DEVICE_FAMILY = "1,2";
			};
			name = Debug;
		};
		DE23587C25AA768A0065655F /* Release */ = {
			isa = XCBuildConfiguration;
			buildSettings = {
				ASSETCATALOG_COMPILER_APPICON_NAME = AppIcon;
				ASSETCATALOG_COMPILER_GLOBAL_ACCENT_COLOR_NAME = AccentColor;
				CODE_SIGN_STYLE = Automatic;
				DEVELOPMENT_TEAM = NRNCDR832H;
				INFOPLIST_FILE = "Example width UIKit/Info.plist";
				LD_RUNPATH_SEARCH_PATHS = (
					"$(inherited)",
					"@executable_path/Frameworks",
				);
				PRODUCT_BUNDLE_IDENTIFIER = "im.mortensen.Example-width-UIKit";
				PRODUCT_NAME = "$(TARGET_NAME)";
				SWIFT_VERSION = 5.0;
				TARGETED_DEVICE_FAMILY = "1,2";
			};
			name = Release;
		};
/* End XCBuildConfiguration section */

/* Begin XCConfigurationList section */
		DE23586125AA76880065655F /* Build configuration list for PBXProject "Example width UIKit" */ = {
			isa = XCConfigurationList;
			buildConfigurations = (
				DE23587825AA768A0065655F /* Debug */,
				DE23587925AA768A0065655F /* Release */,
			);
			defaultConfigurationIsVisible = 0;
			defaultConfigurationName = Release;
		};
		DE23587A25AA768A0065655F /* Build configuration list for PBXNativeTarget "Example width UIKit" */ = {
			isa = XCConfigurationList;
			buildConfigurations = (
				DE23587B25AA768A0065655F /* Debug */,
				DE23587C25AA768A0065655F /* Release */,
			);
			defaultConfigurationIsVisible = 0;
			defaultConfigurationName = Release;
		};
/* End XCConfigurationList section */
	};
	rootObject = DE23585E25AA76880065655F /* Project object */;
}
